hash: cdb7379e9895f6c5e2b69ae9d3eb3e06022f7806636b12b1e58540d7475fa7c3
updated: 2018-06-11T15:48:38.609709642+08:00
imports:
- name: github.com/jessevdk/go-flags
  version: c6ca198ec95c841fdb89fc0de7496fed11ab854e
- name: github.com/moul/http2curl
  version: 9ac6cf4d929b2fa8fd2d2e6dec5bb0feb4f4911d
- name: github.com/parnurzeal/gorequest
  version: a578a48e8d6ca8b01a3b18314c43c6716bb5f5a3
- name: github.com/pkg/errors
  version: f15c970de5b76fac0b59abb32d62c17cc7bed265
- name: golang.org/x/net
  version: a8b9294777976932365dabb6640cf1468d95c70f
  subpackages:
  - publicsuffix
- name: golang.org/x/sys
  version: 8b4580aae2a0dd0c231a45d3ccb8434ff533b840
  subpackages:
  - unix
- name: gopkg.in/yaml.v2
  version: 5420a8b6744d3b0345ab293f6fcba19c978f1183
testImports: []
